// !$*UTF8*$!
{
	archiveVersion = 1;
	classes = {
	};
	objectVersion = 77;
	objects = {

/* Begin PBXBuildFile section */
		8258DAF82ED2EA4200FFA63D /* Shaders in Resources */ = {isa = PBXBuildFile; fileRef = 8258DAF72ED2EA4200FFA63D /* Shaders */; };
		82D3B0012ED2D5B5003A0F10 /* StarOracleCore in Frameworks */ = {isa = PBXBuildFile; productRef = 82D3B1012ED2D5B5003A0F10 /* StarOracleCore */; };
		82D3B0022ED2D5B5003A0F10 /* StarOracleFeatures in Frameworks */ = {isa = PBXBuildFile; productRef = 82D3B1022ED2D5B5003A0F10 /* StarOracleFeatures */; };
		82D3B0032ED2D5B5003A0F10 /* StarOracleServices in Frameworks */ = {isa = PBXBuildFile; productRef = 82D3B1032ED2D5B5003A0F10 /* StarOracleServices */; };
		82D3B0042ED2D5B5003A0F10 /* StarOracleUIComponents in Frameworks */ = {isa = PBXBuildFile; productRef = 82D3B1042ED2D5B5003A0F10 /* StarOracleUIComponents */; };
/* End PBXBuildFile section */

/* Begin PBXContainerItemProxy section */
		8200BF8C2EBF791B009BDD06 /* PBXContainerItemProxy */ = {
			isa = PBXContainerItemProxy;
			containerPortal = 8200BF732EBF7919009BDD06 /* Project object */;
			proxyType = 1;
			remoteGlobalIDString = 8200BF7A2EBF7919009BDD06;
			remoteInfo = StarO;
		};
		8200BF962EBF791B009BDD06 /* PBXContainerItemProxy */ = {
			isa = PBXContainerItemProxy;
			containerPortal = 8200BF732EBF7919009BDD06 /* Project object */;
			proxyType = 1;
			remoteGlobalIDString = 8200BF7A2EBF7919009BDD06;
			remoteInfo = StarO;
		};
/* End PBXContainerItemProxy section */

/* Begin PBXFileReference section */
		8200BF7B2EBF7919009BDD06 /* StarO.app */ = {isa = PBXFileReference; explicitFileType = wrapper.application; includeInIndex = 0; path = StarO.app; sourceTree = BUILT_PRODUCTS_DIR; };
		8200BF8B2EBF791B009BDD06 /* StarOTests.xctest */ = {isa = PBXFileReference; explicitFileType = wrapper.cfbundle; includeInIndex = 0; path = StarOTests.xctest; sourceTree = BUILT_PRODUCTS_DIR; };
		8200BF952EBF791B009BDD06 /* StarOUITests.xctest */ = {isa = PBXFileReference; explicitFileType = wrapper.cfbundle; includeInIndex = 0; path = StarOUITests.xctest; sourceTree = BUILT_PRODUCTS_DIR; };
		8258DAF72ED2EA4200FFA63D /* Shaders */ = {isa = PBXFileReference; lastKnownFileType = folder; name = Shaders; path = StarO/PixelPlanets/Resources/Shaders; sourceTree = "<group>"; };
/* End PBXFileReference section */

/* Begin PBXFileSystemSynchronizedBuildFileExceptionSet section */
		8258DAF52ED2DED600FFA63D /* Exceptions for "StarO" folder in "StarO" target */ = {
			isa = PBXFileSystemSynchronizedBuildFileExceptionSet;
			membershipExceptions = (
				PixelPlanets/Resources/Shaders/asteroid/asteroid.frag,
				"PixelPlanets/Resources/Shaders/black-hole/core.frag",
				"PixelPlanets/Resources/Shaders/black-hole/ring.frag",
				PixelPlanets/Resources/Shaders/common/clouds.frag,
				"PixelPlanets/Resources/Shaders/dry-terran/land.frag",
				PixelPlanets/Resources/Shaders/galaxy/galaxy.frag,
				PixelPlanets/Resources/Shaders/galaxy/linear_twinkle.frag,
				"PixelPlanets/Resources/Shaders/gas-planet-layers/layers.frag",
				"PixelPlanets/Resources/Shaders/gas-planet-layers/ring.frag",
				"PixelPlanets/Resources/Shaders/ice-world/lakes.frag",
				PixelPlanets/Resources/Shaders/landmasses/land.frag,
				PixelPlanets/Resources/Shaders/landmasses/water.frag,
				"PixelPlanets/Resources/Shaders/lava-world/rivers.frag",
				"PixelPlanets/Resources/Shaders/no-atmosphere/craters.frag",
				"PixelPlanets/Resources/Shaders/no-atmosphere/ground.frag",
				PixelPlanets/Resources/Shaders/rivers/land.frag,
				PixelPlanets/Resources/Shaders/star/blobs.frag,
				PixelPlanets/Resources/Shaders/star/flares.frag,
				PixelPlanets/Resources/Shaders/star/star.frag,
				PixelPlanets/Resources/Shaders/star/twinkle.frag,
			);
			target = 8200BF7A2EBF7919009BDD06 /* StarO */;
		};
/* End PBXFileSystemSynchronizedBuildFileExceptionSet section */

/* Begin PBXFileSystemSynchronizedRootGroup section */
		8200BF7D2EBF7919009BDD06 /* StarO */ = {
			isa = PBXFileSystemSynchronizedRootGroup;
			exceptions = (
				8258DAF52ED2DED600FFA63D /* Exceptions for "StarO" folder in "StarO" target */,
			);
			path = StarO;
			sourceTree = "<group>";
		};
		8200BF8E2EBF791B009BDD06 /* StarOTests */ = {
			isa = PBXFileSystemSynchronizedRootGroup;
			path = StarOTests;
			sourceTree = "<group>";
		};
		8200BF982EBF791B009BDD06 /* StarOUITests */ = {
			isa = PBXFileSystemSynchronizedRootGroup;
			path = StarOUITests;
			sourceTree = "<group>";
		};
/* End PBXFileSystemSynchronizedRootGroup section */

/* Begin PBXFrameworksBuildPhase section */
		8200BF782EBF7919009BDD06 /* Frameworks */ = {
			isa = PBXFrameworksBuildPhase;
			buildActionMask = 2147483647;
			files = (
				82D3B0012ED2D5B5003A0F10 /* StarOracleCore in Frameworks */,
				82D3B0022ED2D5B5003A0F10 /* StarOracleFeatures in Frameworks */,
				82D3B0032ED2D5B5003A0F10 /* StarOracleServices in Frameworks */,
				82D3B0042ED2D5B5003A0F10 /* StarOracleUIComponents in Frameworks */,
			);
			runOnlyForDeploymentPostprocessing = 0;
		};
		8200BF882EBF791B009BDD06 /* Frameworks */ = {
			isa = PBXFrameworksBuildPhase;
			buildActionMask = 2147483647;
			files = (
			);
			runOnlyForDeploymentPostprocessing = 0;
		};
		8200BF922EBF791B009BDD06 /* Frameworks */ = {
			isa = PBXFrameworksBuildPhase;
			buildActionMask = 2147483647;
			files = (
			);
			runOnlyForDeploymentPostprocessing = 0;
		};
/* End PBXFrameworksBuildPhase section */

/* Begin PBXGroup section */
		8200BF722EBF7919009BDD06 = {
			isa = PBXGroup;
			children = (
				8258DAF72ED2EA4200FFA63D /* Shaders */,
				8200BF7D2EBF7919009BDD06 /* StarO */,
				8200BF8E2EBF791B009BDD06 /* StarOTests */,
				8200BF982EBF791B009BDD06 /* StarOUITests */,
				8200BF7C2EBF7919009BDD06 /* Products */,
			);
			sourceTree = "<group>";
		};
		8200BF7C2EBF7919009BDD06 /* Products */ = {
			isa = PBXGroup;
			children = (
				8200BF7B2EBF7919009BDD06 /* StarO.app */,
				8200BF8B2EBF791B009BDD06 /* StarOTests.xctest */,
				8200BF952EBF791B009BDD06 /* StarOUITests.xctest */,
			);
			name = Products;
			sourceTree = "<group>";
		};
/* End PBXGroup section */

/* Begin PBXNativeTarget section */
		8200BF7A2EBF7919009BDD06 /* StarO */ = {
			isa = PBXNativeTarget;
			buildConfigurationList = 8200BF9F2EBF791B009BDD06 /* Build configuration list for PBXNativeTarget "StarO" */;
			buildPhases = (
				8200BF772EBF7919009BDD06 /* Sources */,
				8200BF782EBF7919009BDD06 /* Frameworks */,
				8200BF792EBF7919009BDD06 /* Resources */,
			);
			buildRules = (
			);
			dependencies = (
			);
			fileSystemSynchronizedGroups = (
				8200BF7D2EBF7919009BDD06 /* StarO */,
			);
			name = StarO;
			packageProductDependencies = (
				82D3B1012ED2D5B5003A0F10 /* StarOracleCore */,
				82D3B1022ED2D5B5003A0F10 /* StarOracleFeatures */,
				82D3B1032ED2D5B5003A0F10 /* StarOracleServices */,
				82D3B1042ED2D5B5003A0F10 /* StarOracleUIComponents */,
			);
			productName = StarO;
			productReference = 8200BF7B2EBF7919009BDD06 /* StarO.app */;
			productType = "com.apple.product-type.application";
		};
		8200BF8A2EBF791B009BDD06 /* StarOTests */ = {
			isa = PBXNativeTarget;
			buildConfigurationList = 8200BFA22EBF791B009BDD06 /* Build configuration list for PBXNativeTarget "StarOTests" */;
			buildPhases = (
				8200BF872EBF791B009BDD06 /* Sources */,
				8200BF882EBF791B009BDD06 /* Frameworks */,
				8200BF892EBF791B009BDD06 /* Resources */,
			);
			buildRules = (
			);
			dependencies = (
				8200BF8D2EBF791B009BDD06 /* PBXTargetDependency */,
			);
			fileSystemSynchronizedGroups = (
				8200BF8E2EBF791B009BDD06 /* StarOTests */,
			);
			name = StarOTests;
			packageProductDependencies = (
			);
			productName = StarOTests;
			productReference = 8200BF8B2EBF791B009BDD06 /* StarOTests.xctest */;
			productType = "com.apple.product-type.bundle.unit-test";
		};
		8200BF942EBF791B009BDD06 /* StarOUITests */ = {
			isa = PBXNativeTarget;
			buildConfigurationList = 8200BFA52EBF791B009BDD06 /* Build configuration list for PBXNativeTarget "StarOUITests" */;
			buildPhases = (
				8200BF912EBF791B009BDD06 /* Sources */,
				8200BF922EBF791B009BDD06 /* Frameworks */,
				8200BF932EBF791B009BDD06 /* Resources */,
			);
			buildRules = (
			);
			dependencies = (
				8200BF972EBF791B009BDD06 /* PBXTargetDependency */,
			);
			fileSystemSynchronizedGroups = (
				8200BF982EBF791B009BDD06 /* StarOUITests */,
			);
			name = StarOUITests;
			packageProductDependencies = (
			);
			productName = StarOUITests;
			productReference = 8200BF952EBF791B009BDD06 /* StarOUITests.xctest */;
			productType = "com.apple.product-type.bundle.ui-testing";
		};
/* End PBXNativeTarget section */

/* Begin PBXProject section */
		8200BF732EBF7919009BDD06 /* Project object */ = {
			isa = PBXProject;
			attributes = {
				BuildIndependentTargetsInParallel = 1;
				LastSwiftUpdateCheck = 1610;
				LastUpgradeCheck = 1610;
				TargetAttributes = {
					8200BF7A2EBF7919009BDD06 = {
						CreatedOnToolsVersion = 16.1;
					};
					8200BF8A2EBF791B009BDD06 = {
						CreatedOnToolsVersion = 16.1;
						TestTargetID = 8200BF7A2EBF7919009BDD06;
					};
					8200BF942EBF791B009BDD06 = {
						CreatedOnToolsVersion = 16.1;
						TestTargetID = 8200BF7A2EBF7919009BDD06;
					};
				};
			};
			buildConfigurationList = 8200BF762EBF7919009BDD06 /* Build configuration list for PBXProject "StarO" */;
			developmentRegion = en;
			hasScannedForEncodings = 0;
			knownRegions = (
				en,
				Base,
			);
			mainGroup = 8200BF722EBF7919009BDD06;
			minimizedProjectReferenceProxies = 1;
			packageReferences = (
				82D3B2012ED2D5B5003A0F10 /* XCLocalSwiftPackageReference "../ios-native/Packages/StarOracleCore" */,
				82D3B2022ED2D5B5003A0F10 /* XCLocalSwiftPackageReference "../ios-native/Packages/StarOracleFeatures" */,
				82D3B2032ED2D5B5003A0F10 /* XCLocalSwiftPackageReference "../ios-native/Packages/StarOracleServices" */,
				82D3B2042ED2D5B5003A0F10 /* XCLocalSwiftPackageReference "../ios-native/Packages/StarOracleUIComponents" */,
			);
			preferredProjectObjectVersion = 77;
			productRefGroup = 8200BF7C2EBF7919009BDD06 /* Products */;
			projectDirPath = "";
			projectRoot = "";
			targets = (
				8200BF7A2EBF7919009BDD06 /* StarO */,
				8200BF8A2EBF791B009BDD06 /* StarOTests */,
				8200BF942EBF791B009BDD06 /* StarOUITests */,
			);
		};
/* End PBXProject section */

/* Begin PBXResourcesBuildPhase section */
		8200BF792EBF7919009BDD06 /* Resources */ = {
			isa = PBXResourcesBuildPhase;
			buildActionMask = 2147483647;
			files = (
				8258DAF82ED2EA4200FFA63D /* Shaders in Resources */,
			);
			runOnlyForDeploymentPostprocessing = 0;
		};
		8200BF892EBF791B009BDD06 /* Resources */ = {
			isa = PBXResourcesBuildPhase;
			buildActionMask = 2147483647;
			files = (
			);
			runOnlyForDeploymentPostprocessing = 0;
		};
		8200BF932EBF791B009BDD06 /* Resources */ = {
			isa = PBXResourcesBuildPhase;
			buildActionMask = 2147483647;
			files = (
			);
			runOnlyForDeploymentPostprocessing = 0;
		};
/* End PBXResourcesBuildPhase section */

/* Begin PBXSourcesBuildPhase section */
		8200BF772EBF7919009BDD06 /* Sources */ = {
			isa = PBXSourcesBuildPhase;
			buildActionMask = 2147483647;
			files = (
			);
			runOnlyForDeploymentPostprocessing = 0;
		};
		8200BF872EBF791B009BDD06 /* Sources */ = {
			isa = PBXSourcesBuildPhase;
			buildActionMask = 2147483647;
			files = (
			);
			runOnlyForDeploymentPostprocessing = 0;
		};
		8200BF912EBF791B009BDD06 /* Sources */ = {
			isa = PBXSourcesBuildPhase;
			buildActionMask = 2147483647;
			files = (
			);
			runOnlyForDeploymentPostprocessing = 0;
		};
/* End PBXSourcesBuildPhase section */

/* Begin PBXTargetDependency section */
		8200BF8D2EBF791B009BDD06 /* PBXTargetDependency */ = {
			isa = PBXTargetDependency;
			target = 8200BF7A2EBF7919009BDD06 /* StarO */;
			targetProxy = 8200BF8C2EBF791B009BDD06 /* PBXContainerItemProxy */;
		};
		8200BF972EBF791B009BDD06 /* PBXTargetDependency */ = {
			isa = PBXTargetDependency;
			target = 8200BF7A2EBF7919009BDD06 /* StarO */;
			targetProxy = 8200BF962EBF791B009BDD06 /* PBXContainerItemProxy */;
		};
/* End PBXTargetDependency section */

/* Begin XCBuildConfiguration section */
		8200BF9D2EBF791B009BDD06 /* Debug */ = {
			isa = XCBuildConfiguration;
			buildSettings = {
				ALWAYS_SEARCH_USER_PATHS = NO;
				ASSETCATALOG_COMPILER_GENERATE_SWIFT_ASSET_SYMBOL_EXTENSIONS = YES;
				CLANG_ANALYZER_NONNULL = YES;
				CLANG_ANALYZER_NUMBER_OBJECT_CONVERSION = YES_AGGRESSIVE;
				CLANG_CXX_LANGUAGE_STANDARD = "gnu++20";
				CLANG_ENABLE_MODULES = YES;
				CLANG_ENABLE_OBJC_ARC = YES;
				CLANG_ENABLE_OBJC_WEAK = YES;
				CLANG_WARN_BLOCK_CAPTURE_AUTORELEASING = YES;
				CLANG_WARN_BOOL_CONVERSION = YES;
				CLANG_WARN_COMMA = YES;
				CLANG_WARN_CONSTANT_CONVERSION = YES;
				CLANG_WARN_DEPRECATED_OBJC_IMPLEMENTATIONS = YES;
				CLANG_WARN_DIRECT_OBJC_ISA_USAGE = YES_ERROR;
				CLANG_WARN_DOCUMENTATION_COMMENTS = YES;
				CLANG_WARN_EMPTY_BODY = YES;
				CLANG_WARN_ENUM_CONVERSION = YES;
				CLANG_WARN_INFINITE_RECURSION = YES;
				CLANG_WARN_INT_CONVERSION = YES;
				CLANG_WARN_NON_LITERAL_NULL_CONVERSION = YES;
				CLANG_WARN_OBJC_IMPLICIT_RETAIN_SELF = YES;
				CLANG_WARN_OBJC_LITERAL_CONVERSION = YES;
				CLANG_WARN_OBJC_ROOT_CLASS = YES_ERROR;
				CLANG_WARN_QUOTED_INCLUDE_IN_FRAMEWORK_HEADER = YES;
				CLANG_WARN_RANGE_LOOP_ANALYSIS = YES;
				CLANG_WARN_STRICT_PROTOTYPES = YES;
				CLANG_WARN_SUSPICIOUS_MOVE = YES;
				CLANG_WARN_UNGUARDED_AVAILABILITY = YES_AGGRESSIVE;
				CLANG_WARN_UNREACHABLE_CODE = YES;
				CLANG_WARN__DUPLICATE_METHOD_MATCH = YES;
				COPY_PHASE_STRIP = NO;
				DEBUG_INFORMATION_FORMAT = dwarf;
				ENABLE_STRICT_OBJC_MSGSEND = YES;
				ENABLE_TESTABILITY = YES;
				ENABLE_USER_SCRIPT_SANDBOXING = YES;
				GCC_C_LANGUAGE_STANDARD = gnu17;
				GCC_DYNAMIC_NO_PIC = NO;
				GCC_NO_COMMON_BLOCKS = YES;
				GCC_OPTIMIZATION_LEVEL = 0;
				GCC_PREPROCESSOR_DEFINITIONS = (
					"DEBUG=1",
					"$(inherited)",
				);
				GCC_WARN_64_TO_32_BIT_CONVERSION = YES;
				GCC_WARN_ABOUT_RETURN_TYPE = YES_ERROR;
				GCC_WARN_UNDECLARED_SELECTOR = YES;
				GCC_WARN_UNINITIALIZED_AUTOS = YES_AGGRESSIVE;
				GCC_WARN_UNUSED_FUNCTION = YES;
				GCC_WARN_UNUSED_VARIABLE = YES;
				IPHONEOS_DEPLOYMENT_TARGET = 17.0;
				LOCALIZATION_PREFERS_STRING_CATALOGS = YES;
				MTL_ENABLE_DEBUG_INFO = INCLUDE_SOURCE;
				MTL_FAST_MATH = YES;
				ONLY_ACTIVE_ARCH = YES;
				SDKROOT = iphoneos;
				SWIFT_ACTIVE_COMPILATION_CONDITIONS = "DEBUG $(inherited)";
				SWIFT_OPTIMIZATION_LEVEL = "-Onone";
			};
			name = Debug;
		};
		8200BF9E2EBF791B009BDD06 /* Release */ = {
			isa = XCBuildConfiguration;
			buildSettings = {
				ALWAYS_SEARCH_USER_PATHS = NO;
				ASSETCATALOG_COMPILER_GENERATE_SWIFT_ASSET_SYMBOL_EXTENSIONS = YES;
				CLANG_ANALYZER_NONNULL = YES;
				CLANG_ANALYZER_NUMBER_OBJECT_CONVERSION = YES_AGGRESSIVE;
				CLANG_CXX_LANGUAGE_STANDARD = "gnu++20";
				CLANG_ENABLE_MODULES = YES;
				CLANG_ENABLE_OBJC_ARC = YES;
				CLANG_ENABLE_OBJC_WEAK = YES;
				CLANG_WARN_BLOCK_CAPTURE_AUTORELEASING = YES;
				CLANG_WARN_BOOL_CONVERSION = YES;
				CLANG_WARN_COMMA = YES;
				CLANG_WARN_CONSTANT_CONVERSION = YES;
				CLANG_WARN_DEPRECATED_OBJC_IMPLEMENTATIONS = YES;
				CLANG_WARN_DIRECT_OBJC_ISA_USAGE = YES_ERROR;
				CLANG_WARN_DOCUMENTATION_COMMENTS = YES;
				CLANG_WARN_EMPTY_BODY = YES;
				CLANG_WARN_ENUM_CONVERSION = YES;
				CLANG_WARN_INFINITE_RECURSION = YES;
				CLANG_WARN_INT_CONVERSION = YES;
				CLANG_WARN_NON_LITERAL_NULL_CONVERSION = YES;
				CLANG_WARN_OBJC_IMPLICIT_RETAIN_SELF = YES;
				CLANG_WARN_OBJC_LITERAL_CONVERSION = YES;
				CLANG_WARN_OBJC_ROOT_CLASS = YES_ERROR;
				CLANG_WARN_QUOTED_INCLUDE_IN_FRAMEWORK_HEADER = YES;
				CLANG_WARN_RANGE_LOOP_ANALYSIS = YES;
				CLANG_WARN_STRICT_PROTOTYPES = YES;
				CLANG_WARN_SUSPICIOUS_MOVE = YES;
				CLANG_WARN_UNGUARDED_AVAILABILITY = YES_AGGRESSIVE;
				CLANG_WARN_UNREACHABLE_CODE = YES;
				CLANG_WARN__DUPLICATE_METHOD_MATCH = YES;
				COPY_PHASE_STRIP = NO;
				DEBUG_INFORMATION_FORMAT = "dwarf-with-dsym";
				ENABLE_NS_ASSERTIONS = NO;
				ENABLE_STRICT_OBJC_MSGSEND = YES;
				ENABLE_USER_SCRIPT_SANDBOXING = YES;
				GCC_C_LANGUAGE_STANDARD = gnu17;
				GCC_NO_COMMON_BLOCKS = YES;
				GCC_WARN_64_TO_32_BIT_CONVERSION = YES;
				GCC_WARN_ABOUT_RETURN_TYPE = YES_ERROR;
				GCC_WARN_UNDECLARED_SELECTOR = YES;
				GCC_WARN_UNINITIALIZED_AUTOS = YES_AGGRESSIVE;
				GCC_WARN_UNUSED_FUNCTION = YES;
				GCC_WARN_UNUSED_VARIABLE = YES;
				IPHONEOS_DEPLOYMENT_TARGET = 17.0;
				LOCALIZATION_PREFERS_STRING_CATALOGS = YES;
				MTL_ENABLE_DEBUG_INFO = NO;
				MTL_FAST_MATH = YES;
				SDKROOT = iphoneos;
				SWIFT_COMPILATION_MODE = wholemodule;
				VALIDATE_PRODUCT = YES;
			};
			name = Release;
		};
		8200BFA02EBF791B009BDD06 /* Debug */ = {
			isa = XCBuildConfiguration;
			buildSettings = {
				ASSETCATALOG_COMPILER_APPICON_NAME = AppIcon;
				ASSETCATALOG_COMPILER_GLOBAL_ACCENT_COLOR_NAME = AccentColor;
				CODE_SIGN_STYLE = Automatic;
				CURRENT_PROJECT_VERSION = 1;
				DEVELOPMENT_ASSET_PATHS = "\"StarO/Preview Content\"";
				DEVELOPMENT_TEAM = GDMNN32LF4;
				ENABLE_PREVIEWS = YES;
					GENERATE_INFOPLIST_FILE = YES;
					INFOPLIST_KEY_NSMicrophoneUsageDescription = "用于语音输入，将你的语音转为文字。";
					INFOPLIST_KEY_NSPhotoLibraryUsageDescription = "用于选择个人头像照片。";
					INFOPLIST_KEY_NSSpeechRecognitionUsageDescription = "用于语音识别，将你的语音转为文字。";
					INFOPLIST_KEY_UIApplicationSceneManifest_Generation = YES;
					INFOPLIST_KEY_UIApplicationSupportsIndirectInputEvents = YES;
					INFOPLIST_KEY_UILaunchScreen_Generation = YES;
				INFOPLIST_KEY_UISupportedInterfaceOrientations_iPad = "UIInterfaceOrientationPortrait UIInterfaceOrientationPortraitUpsideDown UIInterfaceOrientationLandscapeLeft UIInterfaceOrientationLandscapeRight";
				INFOPLIST_KEY_UISupportedInterfaceOrientations_iPhone = "UIInterfaceOrientationPortrait UIInterfaceOrientationLandscapeLeft UIInterfaceOrientationLandscapeRight";
				LD_RUNPATH_SEARCH_PATHS = (
					"$(inherited)",
					"@executable_path/Frameworks",
				);
				MARKETING_VERSION = 1.0;
				PRODUCT_BUNDLE_IDENTIFIER = fakepan.StarO;
				PRODUCT_NAME = "$(TARGET_NAME)";
				SWIFT_EMIT_LOC_STRINGS = YES;
				SWIFT_VERSION = 6.0;
				TARGETED_DEVICE_FAMILY = "1,2";
			};
			name = Debug;
		};
		8200BFA12EBF791B009BDD06 /* Release */ = {
			isa = XCBuildConfiguration;
			buildSettings = {
				ASSETCATALOG_COMPILER_APPICON_NAME = AppIcon;
				ASSETCATALOG_COMPILER_GLOBAL_ACCENT_COLOR_NAME = AccentColor;
				CODE_SIGN_STYLE = Automatic;
				CURRENT_PROJECT_VERSION = 1;
				DEVELOPMENT_ASSET_PATHS = "\"StarO/Preview Content\"";
				DEVELOPMENT_TEAM = GDMNN32LF4;
				ENABLE_PREVIEWS = YES;
					GENERATE_INFOPLIST_FILE = YES;
					INFOPLIST_KEY_NSMicrophoneUsageDescription = "用于语音输入，将你的语音转为文字。";
					INFOPLIST_KEY_NSPhotoLibraryUsageDescription = "用于选择个人头像照片。";
					INFOPLIST_KEY_NSSpeechRecognitionUsageDescription = "用于语音识别，将你的语音转为文字。";
					INFOPLIST_KEY_UIApplicationSceneManifest_Generation = YES;
					INFOPLIST_KEY_UIApplicationSupportsIndirectInputEvents = YES;
					INFOPLIST_KEY_UILaunchScreen_Generation = YES;
				INFOPLIST_KEY_UISupportedInterfaceOrientations_iPad = "UIInterfaceOrientationPortrait UIInterfaceOrientationPortraitUpsideDown UIInterfaceOrientationLandscapeLeft UIInterfaceOrientationLandscapeRight";
				INFOPLIST_KEY_UISupportedInterfaceOrientations_iPhone = "UIInterfaceOrientationPortrait UIInterfaceOrientationLandscapeLeft UIInterfaceOrientationLandscapeRight";
				LD_RUNPATH_SEARCH_PATHS = (
					"$(inherited)",
					"@executable_path/Frameworks",
				);
				MARKETING_VERSION = 1.0;
				PRODUCT_BUNDLE_IDENTIFIER = fakepan.StarO;
				PRODUCT_NAME = "$(TARGET_NAME)";
				SWIFT_EMIT_LOC_STRINGS = YES;
				SWIFT_VERSION = 6.0;
				TARGETED_DEVICE_FAMILY = "1,2";
			};
			name = Release;
		};
		8200BFA32EBF791B009BDD06 /* Debug */ = {
			isa = XCBuildConfiguration;
			buildSettings = {
				BUNDLE_LOADER = "$(TEST_HOST)";
				CODE_SIGN_STYLE = Automatic;
				CURRENT_PROJECT_VERSION = 1;
				DEVELOPMENT_TEAM = GDMNN32LF4;
				GENERATE_INFOPLIST_FILE = YES;
				IPHONEOS_DEPLOYMENT_TARGET = 17.0;
				MARKETING_VERSION = 1.0;
				PRODUCT_BUNDLE_IDENTIFIER = fakepan.StarOTests;
				PRODUCT_NAME = "$(TARGET_NAME)";
				SWIFT_EMIT_LOC_STRINGS = NO;
				SWIFT_VERSION = 6.0;
				TARGETED_DEVICE_FAMILY = "1,2";
				TEST_HOST = "$(BUILT_PRODUCTS_DIR)/StarO.app/$(BUNDLE_EXECUTABLE_FOLDER_PATH)/StarO";
			};
			name = Debug;
		};
		8200BFA42EBF791B009BDD06 /* Release */ = {
			isa = XCBuildConfiguration;
			buildSettings = {
				BUNDLE_LOADER = "$(TEST_HOST)";
				CODE_SIGN_STYLE = Automatic;
				CURRENT_PROJECT_VERSION = 1;
				DEVELOPMENT_TEAM = GDMNN32LF4;
				GENERATE_INFOPLIST_FILE = YES;
				IPHONEOS_DEPLOYMENT_TARGET = 17.0;
				MARKETING_VERSION = 1.0;
				PRODUCT_BUNDLE_IDENTIFIER = fakepan.StarOTests;
				PRODUCT_NAME = "$(TARGET_NAME)";
				SWIFT_EMIT_LOC_STRINGS = NO;
				SWIFT_VERSION = 6.0;
				TARGETED_DEVICE_FAMILY = "1,2";
				TEST_HOST = "$(BUILT_PRODUCTS_DIR)/StarO.app/$(BUNDLE_EXECUTABLE_FOLDER_PATH)/StarO";
			};
			name = Release;
		};
		8200BFA62EBF791B009BDD06 /* Debug */ = {
			isa = XCBuildConfiguration;
			buildSettings = {
				CODE_SIGN_STYLE = Automatic;
				CURRENT_PROJECT_VERSION = 1;
				DEVELOPMENT_TEAM = GDMNN32LF4;
				GENERATE_INFOPLIST_FILE = YES;
				MARKETING_VERSION = 1.0;
				PRODUCT_BUNDLE_IDENTIFIER = fakepan.StarOUITests;
				PRODUCT_NAME = "$(TARGET_NAME)";
				SWIFT_EMIT_LOC_STRINGS = NO;
				SWIFT_VERSION = 6.0;
				TARGETED_DEVICE_FAMILY = "1,2";
				TEST_TARGET_NAME = StarO;
			};
			name = Debug;
		};
		8200BFA72EBF791B009BDD06 /* Release */ = {
			isa = XCBuildConfiguration;
			buildSettings = {
				CODE_SIGN_STYLE = Automatic;
				CURRENT_PROJECT_VERSION = 1;
				DEVELOPMENT_TEAM = GDMNN32LF4;
				GENERATE_INFOPLIST_FILE = YES;
				MARKETING_VERSION = 1.0;
				PRODUCT_BUNDLE_IDENTIFIER = fakepan.StarOUITests;
				PRODUCT_NAME = "$(TARGET_NAME)";
				SWIFT_EMIT_LOC_STRINGS = NO;
				SWIFT_VERSION = 6.0;
				TARGETED_DEVICE_FAMILY = "1,2";
				TEST_TARGET_NAME = StarO;
			};
			name = Release;
		};
/* End XCBuildConfiguration section */

/* Begin XCConfigurationList section */
		8200BF762EBF7919009BDD06 /* Build configuration list for PBXProject "StarO" */ = {
			isa = XCConfigurationList;
			buildConfigurations = (
				8200BF9D2EBF791B009BDD06 /* Debug */,
				8200BF9E2EBF791B009BDD06 /* Release */,
			);
			defaultConfigurationIsVisible = 0;
			defaultConfigurationName = Release;
		};
		8200BF9F2EBF791B009BDD06 /* Build configuration list for PBXNativeTarget "StarO" */ = {
			isa = XCConfigurationList;
			buildConfigurations = (
				8200BFA02EBF791B009BDD06 /* Debug */,
				8200BFA12EBF791B009BDD06 /* Release */,
			);
			defaultConfigurationIsVisible = 0;
			defaultConfigurationName = Release;
		};
		8200BFA22EBF791B009BDD06 /* Build configuration list for PBXNativeTarget "StarOTests" */ = {
			isa = XCConfigurationList;
			buildConfigurations = (
				8200BFA32EBF791B009BDD06 /* Debug */,
				8200BFA42EBF791B009BDD06 /* Release */,
			);
			defaultConfigurationIsVisible = 0;
			defaultConfigurationName = Release;
		};
		8200BFA52EBF791B009BDD06 /* Build configuration list for PBXNativeTarget "StarOUITests" */ = {
			isa = XCConfigurationList;
			buildConfigurations = (
				8200BFA62EBF791B009BDD06 /* Debug */,
				8200BFA72EBF791B009BDD06 /* Release */,
			);
			defaultConfigurationIsVisible = 0;
			defaultConfigurationName = Release;
		};
/* End XCConfigurationList section */

/* Begin XCLocalSwiftPackageReference section */
		82D3B2012ED2D5B5003A0F10 /* XCLocalSwiftPackageReference "../ios-native/Packages/StarOracleCore" */ = {
			isa = XCLocalSwiftPackageReference;
			relativePath = "../ios-native/Packages/StarOracleCore";
		};
		82D3B2022ED2D5B5003A0F10 /* XCLocalSwiftPackageReference "../ios-native/Packages/StarOracleFeatures" */ = {
			isa = XCLocalSwiftPackageReference;
			relativePath = "../ios-native/Packages/StarOracleFeatures";
		};
		82D3B2032ED2D5B5003A0F10 /* XCLocalSwiftPackageReference "../ios-native/Packages/StarOracleServices" */ = {
			isa = XCLocalSwiftPackageReference;
			relativePath = "../ios-native/Packages/StarOracleServices";
		};
		82D3B2042ED2D5B5003A0F10 /* XCLocalSwiftPackageReference "../ios-native/Packages/StarOracleUIComponents" */ = {
			isa = XCLocalSwiftPackageReference;
			relativePath = "../ios-native/Packages/StarOracleUIComponents";
		};
/* End XCLocalSwiftPackageReference section */

/* Begin XCSwiftPackageProductDependency section */
		82D3B1012ED2D5B5003A0F10 /* StarOracleCore */ = {
			isa = XCSwiftPackageProductDependency;
			package = 82D3B2012ED2D5B5003A0F10 /* XCLocalSwiftPackageReference "../ios-native/Packages/StarOracleCore" */;
			productName = StarOracleCore;
		};
		82D3B1022ED2D5B5003A0F10 /* StarOracleFeatures */ = {
			isa = XCSwiftPackageProductDependency;
			package = 82D3B2022ED2D5B5003A0F10 /* XCLocalSwiftPackageReference "../ios-native/Packages/StarOracleFeatures" */;
			productName = StarOracleFeatures;
		};
		82D3B1032ED2D5B5003A0F10 /* StarOracleServices */ = {
			isa = XCSwiftPackageProductDependency;
			package = 82D3B2032ED2D5B5003A0F10 /* XCLocalSwiftPackageReference "../ios-native/Packages/StarOracleServices" */;
			productName = StarOracleServices;
		};
		82D3B1042ED2D5B5003A0F10 /* StarOracleUIComponents */ = {
			isa = XCSwiftPackageProductDependency;
			package = 82D3B2042ED2D5B5003A0F10 /* XCLocalSwiftPackageReference "../ios-native/Packages/StarOracleUIComponents" */;
			productName = StarOracleUIComponents;
		};
/* End XCSwiftPackageProductDependency section */
	};
	rootObject = 8200BF732EBF7919009BDD06 /* Project object */;
}
